// !$*UTF8*$!
{
	archiveVersion = 1;
	classes = {
	};
	objectVersion = 56;
	objects = {

/* Begin PBXBuildFile section */
		2C1C35B72AF5654900871246 /* GroupedBackgroundStyle.swift in Sources */ = {isa = PBXBuildFile; fileRef = 2C1C35B62AF5654900871246 /* GroupedBackgroundStyle.swift */; };
		2C1C35BD2AF5B27E00871246 /* PercentChangeRow.swift in Sources */ = {isa = PBXBuildFile; fileRef = 2C1C35BC2AF5B27E00871246 /* PercentChangeRow.swift */; };
		2C3774282AF546C3001026E3 /* ErrorAlertModifier.swift in Sources */ = {isa = PBXBuildFile; fileRef = 2C3774272AF546C3001026E3 /* ErrorAlertModifier.swift */; };
		2C38E55F2AF7A7AE00C2C741 /* Tickers.json in Resources */ = {isa = PBXBuildFile; fileRef = 2C38E55E2AF7A7AE00C2C741 /* Tickers.json */; };
		2C38E5602AF7AA1700C2C741 /* Price.swift in Sources */ = {isa = PBXBuildFile; fileRef = 2CE6240F2AE68327007CCB76 /* Price.swift */; };
		2C38E5612AF7AC0F00C2C741 /* APISession.swift in Sources */ = {isa = PBXBuildFile; fileRef = 2CE6240D2AE6797A007CCB76 /* APISession.swift */; };
		2CE623D92AE65E7B007CCB76 /* CryptoApp.swift in Sources */ = {isa = PBXBuildFile; fileRef = 2CE623D82AE65E7B007CCB76 /* CryptoApp.swift */; };
		2CE623DB2AE65E7B007CCB76 /* TickerList.swift in Sources */ = {isa = PBXBuildFile; fileRef = 2CE623DA2AE65E7B007CCB76 /* TickerList.swift */; };
		2CE623DD2AE65E7D007CCB76 /* Assets.xcassets in Resources */ = {isa = PBXBuildFile; fileRef = 2CE623DC2AE65E7D007CCB76 /* Assets.xcassets */; };
		2CE623E02AE65E7D007CCB76 /* Preview Assets.xcassets in Resources */ = {isa = PBXBuildFile; fileRef = 2CE623DF2AE65E7D007CCB76 /* Preview Assets.xcassets */; };
		2CE624032AE6681A007CCB76 /* TickerRow.swift in Sources */ = {isa = PBXBuildFile; fileRef = 2CE624022AE6681A007CCB76 /* TickerRow.swift */; };
		2CE624052AE66840007CCB76 /* Ticker.swift in Sources */ = {isa = PBXBuildFile; fileRef = 2CE624042AE66840007CCB76 /* Ticker.swift */; };
		2CE624072AE66E43007CCB76 /* Ticker+Previews.swift in Sources */ = {isa = PBXBuildFile; fileRef = 2CE624062AE66E43007CCB76 /* Ticker+Previews.swift */; };
		2CE6240B2AE67547007CCB76 /* TickerListModel.swift in Sources */ = {isa = PBXBuildFile; fileRef = 2CE6240A2AE67547007CCB76 /* TickerListModel.swift */; };
		2CE6240E2AE6797A007CCB76 /* APISession.swift in Sources */ = {isa = PBXBuildFile; fileRef = 2CE6240D2AE6797A007CCB76 /* APISession.swift */; };
		2CE624102AE68327007CCB76 /* Price.swift in Sources */ = {isa = PBXBuildFile; fileRef = 2CE6240F2AE68327007CCB76 /* Price.swift */; };
		2CE624122AE68358007CCB76 /* Currency.swift in Sources */ = {isa = PBXBuildFile; fileRef = 2CE624112AE68358007CCB76 /* Currency.swift */; };
		2CE624162AE69A91007CCB76 /* TickerDetailsView.swift in Sources */ = {isa = PBXBuildFile; fileRef = 2CE624152AE69A91007CCB76 /* TickerDetailsView.swift */; };
		2CE624182AE6A9A2007CCB76 /* SwitchCurrencyButton.swift in Sources */ = {isa = PBXBuildFile; fileRef = 2CE624172AE6A9A2007CCB76 /* SwitchCurrencyButton.swift */; };
		2CE6241A2AE6AE88007CCB76 /* CurrencyEnvironmentKey.swift in Sources */ = {isa = PBXBuildFile; fileRef = 2CE624192AE6AE88007CCB76 /* CurrencyEnvironmentKey.swift */; };
		2CE624222AE6B9D1007CCB76 /* DecodingTests.swift in Sources */ = {isa = PBXBuildFile; fileRef = 2CE624212AE6B9D1007CCB76 /* DecodingTests.swift */; };
		2CE624292AE6BB2C007CCB76 /* Ticker.swift in Sources */ = {isa = PBXBuildFile; fileRef = 2CE624042AE66840007CCB76 /* Ticker.swift */; };
		2CE6242A2AE6BB40007CCB76 /* Currency.swift in Sources */ = {isa = PBXBuildFile; fileRef = 2CE624112AE68358007CCB76 /* Currency.swift */; };
		2CE6242E2AE6BDA4007CCB76 /* ValueChangeStyle.swift in Sources */ = {isa = PBXBuildFile; fileRef = 2CE6242D2AE6BDA4007CCB76 /* ValueChangeStyle.swift */; };
/* End PBXBuildFile section */

/* Begin PBXContainerItemProxy section */
		2CE624232AE6B9D1007CCB76 /* PBXContainerItemProxy */ = {
			isa = PBXContainerItemProxy;
			containerPortal = 2CE623CD2AE65E7B007CCB76 /* Project object */;
			proxyType = 1;
			remoteGlobalIDString = 2CE623D42AE65E7B007CCB76;
			remoteInfo = Crypto;
		};
/* End PBXContainerItemProxy section */

/* Begin PBXFileReference section */
		2C1C35B62AF5654900871246 /* GroupedBackgroundStyle.swift */ = {isa = PBXFileReference; lastKnownFileType = sourcecode.swift; path = GroupedBackgroundStyle.swift; sourceTree = "<group>"; };
		2C1C35BC2AF5B27E00871246 /* PercentChangeRow.swift */ = {isa = PBXFileReference; lastKnownFileType = sourcecode.swift; path = PercentChangeRow.swift; sourceTree = "<group>"; };
		2C3774272AF546C3001026E3 /* ErrorAlertModifier.swift */ = {isa = PBXFileReference; lastKnownFileType = sourcecode.swift; path = ErrorAlertModifier.swift; sourceTree = "<group>"; };
		2C38E55E2AF7A7AE00C2C741 /* Tickers.json */ = {isa = PBXFileReference; lastKnownFileType = text.json; path = Tickers.json; sourceTree = "<group>"; };
		2CE623D52AE65E7B007CCB76 /* Crypto.app */ = {isa = PBXFileReference; explicitFileType = wrapper.application; includeInIndex = 0; path = Crypto.app; sourceTree = BUILT_PRODUCTS_DIR; };
		2CE623D82AE65E7B007CCB76 /* CryptoApp.swift */ = {isa = PBXFileReference; lastKnownFileType = sourcecode.swift; path = CryptoApp.swift; sourceTree = "<group>"; };
		2CE623DA2AE65E7B007CCB76 /* TickerList.swift */ = {isa = PBXFileReference; lastKnownFileType = sourcecode.swift; path = TickerList.swift; sourceTree = "<group>"; };
		2CE623DC2AE65E7D007CCB76 /* Assets.xcassets */ = {isa = PBXFileReference; lastKnownFileType = folder.assetcatalog; path = Assets.xcassets; sourceTree = "<group>"; };
		2CE623DF2AE65E7D007CCB76 /* Preview Assets.xcassets */ = {isa = PBXFileReference; lastKnownFileType = folder.assetcatalog; path = "Preview Assets.xcassets"; sourceTree = "<group>"; };
		2CE624022AE6681A007CCB76 /* TickerRow.swift */ = {isa = PBXFileReference; lastKnownFileType = sourcecode.swift; path = TickerRow.swift; sourceTree = "<group>"; };
		2CE624042AE66840007CCB76 /* Ticker.swift */ = {isa = PBXFileReference; lastKnownFileType = sourcecode.swift; path = Ticker.swift; sourceTree = "<group>"; };
		2CE624062AE66E43007CCB76 /* Ticker+Previews.swift */ = {isa = PBXFileReference; lastKnownFileType = sourcecode.swift; path = "Ticker+Previews.swift"; sourceTree = "<group>"; };
		2CE6240A2AE67547007CCB76 /* TickerListModel.swift */ = {isa = PBXFileReference; lastKnownFileType = sourcecode.swift; path = TickerListModel.swift; sourceTree = "<group>"; };
		2CE6240D2AE6797A007CCB76 /* APISession.swift */ = {isa = PBXFileReference; lastKnownFileType = sourcecode.swift; path = APISession.swift; sourceTree = "<group>"; };
		2CE6240F2AE68327007CCB76 /* Price.swift */ = {isa = PBXFileReference; lastKnownFileType = sourcecode.swift; path = Price.swift; sourceTree = "<group>"; };
		2CE624112AE68358007CCB76 /* Currency.swift */ = {isa = PBXFileReference; lastKnownFileType = sourcecode.swift; path = Currency.swift; sourceTree = "<group>"; };
		2CE624152AE69A91007CCB76 /* TickerDetailsView.swift */ = {isa = PBXFileReference; lastKnownFileType = sourcecode.swift; path = TickerDetailsView.swift; sourceTree = "<group>"; };
		2CE624172AE6A9A2007CCB76 /* SwitchCurrencyButton.swift */ = {isa = PBXFileReference; lastKnownFileType = sourcecode.swift; path = SwitchCurrencyButton.swift; sourceTree = "<group>"; };
		2CE624192AE6AE88007CCB76 /* CurrencyEnvironmentKey.swift */ = {isa = PBXFileReference; lastKnownFileType = sourcecode.swift; path = CurrencyEnvironmentKey.swift; sourceTree = "<group>"; };
		2CE6241F2AE6B9D1007CCB76 /* CryptoTests.xctest */ = {isa = PBXFileReference; explicitFileType = wrapper.cfbundle; includeInIndex = 0; path = CryptoTests.xctest; sourceTree = BUILT_PRODUCTS_DIR; };
		2CE624212AE6B9D1007CCB76 /* DecodingTests.swift */ = {isa = PBXFileReference; lastKnownFileType = sourcecode.swift; path = DecodingTests.swift; sourceTree = "<group>"; };
		2CE6242D2AE6BDA4007CCB76 /* ValueChangeStyle.swift */ = {isa = PBXFileReference; lastKnownFileType = sourcecode.swift; path = ValueChangeStyle.swift; sourceTree = "<group>"; };
/* End PBXFileReference section */

/* Begin PBXFrameworksBuildPhase section */
		2CE623D22AE65E7B007CCB76 /* Frameworks */ = {
			isa = PBXFrameworksBuildPhase;
			buildActionMask = 2147483647;
			files = (
			);
			runOnlyForDeploymentPostprocessing = 0;
		};
		2CE6241C2AE6B9D1007CCB76 /* Frameworks */ = {
			isa = PBXFrameworksBuildPhase;
			buildActionMask = 2147483647;
			files = (
			);
			runOnlyForDeploymentPostprocessing = 0;
		};
/* End PBXFrameworksBuildPhase section */

/* Begin PBXGroup section */
		2C3774242AF54655001026E3 /* Screens */ = {
			isa = PBXGroup;
			children = (
				2CE624152AE69A91007CCB76 /* TickerDetailsView.swift */,
				2CE623DA2AE65E7B007CCB76 /* TickerList.swift */,
			);
			path = Screens;
			sourceTree = "<group>";
		};
		2C3774252AF5465A001026E3 /* Subviews */ = {
			isa = PBXGroup;
			children = (
				2C1C35BC2AF5B27E00871246 /* PercentChangeRow.swift */,
				2CE624172AE6A9A2007CCB76 /* SwitchCurrencyButton.swift */,
				2CE624022AE6681A007CCB76 /* TickerRow.swift */,
			);
			path = Subviews;
			sourceTree = "<group>";
		};
		2C3774262AF546B3001026E3 /* View Modifiers */ = {
			isa = PBXGroup;
			children = (
				2C3774272AF546C3001026E3 /* ErrorAlertModifier.swift */,
			);
			path = "View Modifiers";
			sourceTree = "<group>";
		};
		2C38E55D2AF7A79000C2C741 /* Resources */ = {
			isa = PBXGroup;
			children = (
				2C38E55E2AF7A7AE00C2C741 /* Tickers.json */,
			);
			path = Resources;
			sourceTree = "<group>";
		};
		2CE623CC2AE65E7B007CCB76 = {
			isa = PBXGroup;
			children = (
				2CE623D72AE65E7B007CCB76 /* Crypto */,
				2CE624202AE6B9D1007CCB76 /* CryptoTests */,
				2CE623D62AE65E7B007CCB76 /* Products */,
			);
			sourceTree = "<group>";
		};
		2CE623D62AE65E7B007CCB76 /* Products */ = {
			isa = PBXGroup;
			children = (
				2CE623D52AE65E7B007CCB76 /* Crypto.app */,
				2CE6241F2AE6B9D1007CCB76 /* CryptoTests.xctest */,
			);
			name = Products;
			sourceTree = "<group>";
		};
		2CE623D72AE65E7B007CCB76 /* Crypto */ = {
			isa = PBXGroup;
			children = (
				2CE623DC2AE65E7D007CCB76 /* Assets.xcassets */,
				2CE623D82AE65E7B007CCB76 /* CryptoApp.swift */,
				2CEC4C282AF52C1E00AE49C1 /* Environment */,
				2CE6240C2AE6757C007CCB76 /* Models */,
				2CEC4C292AF530A400AE49C1 /* Networking */,
				2CE623DE2AE65E7D007CCB76 /* Preview Content */,
				2CE6242C2AE6BD82007CCB76 /* Shape Styles */,
				2CE624092AE67539007CCB76 /* View Models */,
				2C3774262AF546B3001026E3 /* View Modifiers */,
				2CE624082AE67533007CCB76 /* Views */,
			);
			path = Crypto;
			sourceTree = "<group>";
		};
		2CE623DE2AE65E7D007CCB76 /* Preview Content */ = {
			isa = PBXGroup;
			children = (
				2CE623DF2AE65E7D007CCB76 /* Preview Assets.xcassets */,
				2CE624062AE66E43007CCB76 /* Ticker+Previews.swift */,
			);
			path = "Preview Content";
			sourceTree = "<group>";
		};
		2CE624082AE67533007CCB76 /* Views */ = {
			isa = PBXGroup;
			children = (
				2C3774242AF54655001026E3 /* Screens */,
				2C3774252AF5465A001026E3 /* Subviews */,
			);
			path = Views;
			sourceTree = "<group>";
		};
		2CE624092AE67539007CCB76 /* View Models */ = {
			isa = PBXGroup;
			children = (
				2CE6240A2AE67547007CCB76 /* TickerListModel.swift */,
			);
			path = "View Models";
			sourceTree = "<group>";
		};
		2CE6240C2AE6757C007CCB76 /* Models */ = {
			isa = PBXGroup;
			children = (
				2CE624112AE68358007CCB76 /* Currency.swift */,
				2CE6240F2AE68327007CCB76 /* Price.swift */,
				2CE624042AE66840007CCB76 /* Ticker.swift */,
			);
			path = Models;
			sourceTree = "<group>";
		};
		2CE624202AE6B9D1007CCB76 /* CryptoTests */ = {
			isa = PBXGroup;
			children = (
				2CE624212AE6B9D1007CCB76 /* DecodingTests.swift */,
				2C38E55D2AF7A79000C2C741 /* Resources */,
			);
			path = CryptoTests;
			sourceTree = "<group>";
		};
		2CE6242C2AE6BD82007CCB76 /* Shape Styles */ = {
			isa = PBXGroup;
			children = (
				2C1C35B62AF5654900871246 /* GroupedBackgroundStyle.swift */,
				2CE6242D2AE6BDA4007CCB76 /* ValueChangeStyle.swift */,
			);
			path = "Shape Styles";
			sourceTree = "<group>";
		};
		2CEC4C282AF52C1E00AE49C1 /* Environment */ = {
			isa = PBXGroup;
			children = (
				2CE624192AE6AE88007CCB76 /* CurrencyEnvironmentKey.swift */,
			);
			path = Environment;
			sourceTree = "<group>";
		};
		2CEC4C292AF530A400AE49C1 /* Networking */ = {
			isa = PBXGroup;
			children = (
				2CE6240D2AE6797A007CCB76 /* APISession.swift */,
			);
			path = Networking;
			sourceTree = "<group>";
		};
/* End PBXGroup section */

/* Begin PBXNativeTarget section */
		2CE623D42AE65E7B007CCB76 /* Crypto */ = {
			isa = PBXNativeTarget;
			buildConfigurationList = 2CE623F92AE65E7E007CCB76 /* Build configuration list for PBXNativeTarget "Crypto" */;
			buildPhases = (
				2CE623D12AE65E7B007CCB76 /* Sources */,
				2CE623D22AE65E7B007CCB76 /* Frameworks */,
				2CE623D32AE65E7B007CCB76 /* Resources */,
			);
			buildRules = (
			);
			dependencies = (
			);
			name = Crypto;
			productName = Crypto;
			productReference = 2CE623D52AE65E7B007CCB76 /* Crypto.app */;
			productType = "com.apple.product-type.application";
		};
		2CE6241E2AE6B9D1007CCB76 /* CryptoTests */ = {
			isa = PBXNativeTarget;
			buildConfigurationList = 2CE624252AE6B9D1007CCB76 /* Build configuration list for PBXNativeTarget "CryptoTests" */;
			buildPhases = (
				2CE6241B2AE6B9D1007CCB76 /* Sources */,
				2CE6241C2AE6B9D1007CCB76 /* Frameworks */,
				2CE6241D2AE6B9D1007CCB76 /* Resources */,
			);
			buildRules = (
			);
			dependencies = (
				2CE624242AE6B9D1007CCB76 /* PBXTargetDependency */,
			);
			name = CryptoTests;
			productName = CryptoTests;
			productReference = 2CE6241F2AE6B9D1007CCB76 /* CryptoTests.xctest */;
			productType = "com.apple.product-type.bundle.unit-test";
		};
/* End PBXNativeTarget section */

/* Begin PBXProject section */
		2CE623CD2AE65E7B007CCB76 /* Project object */ = {
			isa = PBXProject;
			attributes = {
				BuildIndependentTargetsInParallel = 1;
				LastSwiftUpdateCheck = 1500;
				LastUpgradeCheck = 1500;
				TargetAttributes = {
					2CE623D42AE65E7B007CCB76 = {
						CreatedOnToolsVersion = 15.0.1;
					};
					2CE6241E2AE6B9D1007CCB76 = {
						CreatedOnToolsVersion = 15.0.1;
					};
				};
			};
			buildConfigurationList = 2CE623D02AE65E7B007CCB76 /* Build configuration list for PBXProject "Crypto" */;
			compatibilityVersion = "Xcode 14.0";
			developmentRegion = en;
			hasScannedForEncodings = 0;
			knownRegions = (
				en,
				Base,
			);
			mainGroup = 2CE623CC2AE65E7B007CCB76;
			productRefGroup = 2CE623D62AE65E7B007CCB76 /* Products */;
			projectDirPath = "";
			projectRoot = "";
			targets = (
				2CE623D42AE65E7B007CCB76 /* Crypto */,
				2CE6241E2AE6B9D1007CCB76 /* CryptoTests */,
			);
		};
/* End PBXProject section */

/* Begin PBXResourcesBuildPhase section */
		2CE623D32AE65E7B007CCB76 /* Resources */ = {
			isa = PBXResourcesBuildPhase;
			buildActionMask = 2147483647;
			files = (
				2CE623E02AE65E7D007CCB76 /* Preview Assets.xcassets in Resources */,
				2CE623DD2AE65E7D007CCB76 /* Assets.xcassets in Resources */,
			);
			runOnlyForDeploymentPostprocessing = 0;
		};
		2CE6241D2AE6B9D1007CCB76 /* Resources */ = {
			isa = PBXResourcesBuildPhase;
			buildActionMask = 2147483647;
			files = (
				2C38E55F2AF7A7AE00C2C741 /* Tickers.json in Resources */,
			);
			runOnlyForDeploymentPostprocessing = 0;
		};
/* End PBXResourcesBuildPhase section */

/* Begin PBXSourcesBuildPhase section */
		2CE623D12AE65E7B007CCB76 /* Sources */ = {
			isa = PBXSourcesBuildPhase;
			buildActionMask = 2147483647;
			files = (
				2C1C35BD2AF5B27E00871246 /* PercentChangeRow.swift in Sources */,
				2CE624162AE69A91007CCB76 /* TickerDetailsView.swift in Sources */,
				2CE624122AE68358007CCB76 /* Currency.swift in Sources */,
				2CE624052AE66840007CCB76 /* Ticker.swift in Sources */,
				2CE6241A2AE6AE88007CCB76 /* CurrencyEnvironmentKey.swift in Sources */,
				2CE624102AE68327007CCB76 /* Price.swift in Sources */,
				2CE6240B2AE67547007CCB76 /* TickerListModel.swift in Sources */,
				2CE624032AE6681A007CCB76 /* TickerRow.swift in Sources */,
				2CE6242E2AE6BDA4007CCB76 /* ValueChangeStyle.swift in Sources */,
				2C3774282AF546C3001026E3 /* ErrorAlertModifier.swift in Sources */,
				2CE623DB2AE65E7B007CCB76 /* TickerList.swift in Sources */,
				2CE6240E2AE6797A007CCB76 /* APISession.swift in Sources */,
				2CE623D92AE65E7B007CCB76 /* CryptoApp.swift in Sources */,
				2CE624182AE6A9A2007CCB76 /* SwitchCurrencyButton.swift in Sources */,
				2C1C35B72AF5654900871246 /* GroupedBackgroundStyle.swift in Sources */,
				2CE624072AE66E43007CCB76 /* Ticker+Previews.swift in Sources */,
			);
			runOnlyForDeploymentPostprocessing = 0;
		};
		2CE6241B2AE6B9D1007CCB76 /* Sources */ = {
			isa = PBXSourcesBuildPhase;
			buildActionMask = 2147483647;
			files = (
				2C38E5612AF7AC0F00C2C741 /* APISession.swift in Sources */,
				2CE6242A2AE6BB40007CCB76 /* Currency.swift in Sources */,
				2C38E5602AF7AA1700C2C741 /* Price.swift in Sources */,
				2CE624222AE6B9D1007CCB76 /* DecodingTests.swift in Sources */,
				2CE624292AE6BB2C007CCB76 /* Ticker.swift in Sources */,
			);
			runOnlyForDeploymentPostprocessing = 0;
		};
/* End PBXSourcesBuildPhase section */

/* Begin PBXTargetDependency section */
		2CE624242AE6B9D1007CCB76 /* PBXTargetDependency */ = {
			isa = PBXTargetDependency;
			target = 2CE623D42AE65E7B007CCB76 /* Crypto */;
			targetProxy = 2CE624232AE6B9D1007CCB76 /* PBXContainerItemProxy */;
		};
/* End PBXTargetDependency section */

/* Begin XCBuildConfiguration section */
		2CE623F72AE65E7E007CCB76 /* Debug */ = {
			isa = XCBuildConfiguration;
			buildSettings = {
				ALWAYS_SEARCH_USER_PATHS = NO;
				ASSETCATALOG_COMPILER_GENERATE_SWIFT_ASSET_SYMBOL_EXTENSIONS = YES;
				CLANG_ANALYZER_NONNULL = YES;
				CLANG_ANALYZER_NUMBER_OBJECT_CONVERSION = YES_AGGRESSIVE;
				CLANG_CXX_LANGUAGE_STANDARD = "gnu++20";
				CLANG_ENABLE_MODULES = YES;
				CLANG_ENABLE_OBJC_ARC = YES;
				CLANG_ENABLE_OBJC_WEAK = YES;
				CLANG_WARN_BLOCK_CAPTURE_AUTORELEASING = YES;
				CLANG_WARN_BOOL_CONVERSION = YES;
				CLANG_WARN_COMMA = YES;
				CLANG_WARN_CONSTANT_CONVERSION = YES;
				CLANG_WARN_DEPRECATED_OBJC_IMPLEMENTATIONS = YES;
				CLANG_WARN_DIRECT_OBJC_ISA_USAGE = YES_ERROR;
				CLANG_WARN_DOCUMENTATION_COMMENTS = YES;
				CLANG_WARN_EMPTY_BODY = YES;
				CLANG_WARN_ENUM_CONVERSION = YES;
				CLANG_WARN_INFINITE_RECURSION = YES;
				CLANG_WARN_INT_CONVERSION = YES;
				CLANG_WARN_NON_LITERAL_NULL_CONVERSION = YES;
				CLANG_WARN_OBJC_IMPLICIT_RETAIN_SELF = YES;
				CLANG_WARN_OBJC_LITERAL_CONVERSION = YES;
				CLANG_WARN_OBJC_ROOT_CLASS = YES_ERROR;
				CLANG_WARN_QUOTED_INCLUDE_IN_FRAMEWORK_HEADER = YES;
				CLANG_WARN_RANGE_LOOP_ANALYSIS = YES;
				CLANG_WARN_STRICT_PROTOTYPES = YES;
				CLANG_WARN_SUSPICIOUS_MOVE = YES;
				CLANG_WARN_UNGUARDED_AVAILABILITY = YES_AGGRESSIVE;
				CLANG_WARN_UNREACHABLE_CODE = YES;
				CLANG_WARN__DUPLICATE_METHOD_MATCH = YES;
				COPY_PHASE_STRIP = NO;
				DEBUG_INFORMATION_FORMAT = dwarf;
				ENABLE_STRICT_OBJC_MSGSEND = YES;
				ENABLE_TESTABILITY = YES;
				ENABLE_USER_SCRIPT_SANDBOXING = YES;
				GCC_C_LANGUAGE_STANDARD = gnu17;
				GCC_DYNAMIC_NO_PIC = NO;
				GCC_NO_COMMON_BLOCKS = YES;
				GCC_OPTIMIZATION_LEVEL = 0;
				GCC_PREPROCESSOR_DEFINITIONS = (
					"DEBUG=1",
					"$(inherited)",
				);
				GCC_WARN_64_TO_32_BIT_CONVERSION = YES;
				GCC_WARN_ABOUT_RETURN_TYPE = YES_ERROR;
				GCC_WARN_UNDECLARED_SELECTOR = YES;
				GCC_WARN_UNINITIALIZED_AUTOS = YES_AGGRESSIVE;
				GCC_WARN_UNUSED_FUNCTION = YES;
				GCC_WARN_UNUSED_VARIABLE = YES;
				IPHONEOS_DEPLOYMENT_TARGET = 17.0;
				LOCALIZATION_PREFERS_STRING_CATALOGS = YES;
				MTL_ENABLE_DEBUG_INFO = INCLUDE_SOURCE;
				MTL_FAST_MATH = YES;
				ONLY_ACTIVE_ARCH = YES;
				SDKROOT = iphoneos;
				SWIFT_ACTIVE_COMPILATION_CONDITIONS = "DEBUG $(inherited)";
				SWIFT_OPTIMIZATION_LEVEL = "-Onone";
			};
			name = Debug;
		};
		2CE623F82AE65E7E007CCB76 /* Release */ = {
			isa = XCBuildConfiguration;
			buildSettings = {
				ALWAYS_SEARCH_USER_PATHS = NO;
				ASSETCATALOG_COMPILER_GENERATE_SWIFT_ASSET_SYMBOL_EXTENSIONS = YES;
				CLANG_ANALYZER_NONNULL = YES;
				CLANG_ANALYZER_NUMBER_OBJECT_CONVERSION = YES_AGGRESSIVE;
				CLANG_CXX_LANGUAGE_STANDARD = "gnu++20";
				CLANG_ENABLE_MODULES = YES;
				CLANG_ENABLE_OBJC_ARC = YES;
				CLANG_ENABLE_OBJC_WEAK = YES;
				CLANG_WARN_BLOCK_CAPTURE_AUTORELEASING = YES;
				CLANG_WARN_BOOL_CONVERSION = YES;
				CLANG_WARN_COMMA = YES;
				CLANG_WARN_CONSTANT_CONVERSION = YES;
				CLANG_WARN_DEPRECATED_OBJC_IMPLEMENTATIONS = YES;
				CLANG_WARN_DIRECT_OBJC_ISA_USAGE = YES_ERROR;
				CLANG_WARN_DOCUMENTATION_COMMENTS = YES;
				CLANG_WARN_EMPTY_BODY = YES;
				CLANG_WARN_ENUM_CONVERSION = YES;
				CLANG_WARN_INFINITE_RECURSION = YES;
				CLANG_WARN_INT_CONVERSION = YES;
				CLANG_WARN_NON_LITERAL_NULL_CONVERSION = YES;
				CLANG_WARN_OBJC_IMPLICIT_RETAIN_SELF = YES;
				CLANG_WARN_OBJC_LITERAL_CONVERSION = YES;
				CLANG_WARN_OBJC_ROOT_CLASS = YES_ERROR;
				CLANG_WARN_QUOTED_INCLUDE_IN_FRAMEWORK_HEADER = YES;
				CLANG_WARN_RANGE_LOOP_ANALYSIS = YES;
				CLANG_WARN_STRICT_PROTOTYPES = YES;
				CLANG_WARN_SUSPICIOUS_MOVE = YES;
				CLANG_WARN_UNGUARDED_AVAILABILITY = YES_AGGRESSIVE;
				CLANG_WARN_UNREACHABLE_CODE = YES;
				CLANG_WARN__DUPLICATE_METHOD_MATCH = YES;
				COPY_PHASE_STRIP = NO;
				DEBUG_INFORMATION_FORMAT = "dwarf-with-dsym";
				ENABLE_NS_ASSERTIONS = NO;
				ENABLE_STRICT_OBJC_MSGSEND = YES;
				ENABLE_USER_SCRIPT_SANDBOXING = YES;
				GCC_C_LANGUAGE_STANDARD = gnu17;
				GCC_NO_COMMON_BLOCKS = YES;
				GCC_WARN_64_TO_32_BIT_CONVERSION = YES;
				GCC_WARN_ABOUT_RETURN_TYPE = YES_ERROR;
				GCC_WARN_UNDECLARED_SELECTOR = YES;
				GCC_WARN_UNINITIALIZED_AUTOS = YES_AGGRESSIVE;
				GCC_WARN_UNUSED_FUNCTION = YES;
				GCC_WARN_UNUSED_VARIABLE = YES;
				IPHONEOS_DEPLOYMENT_TARGET = 17.0;
				LOCALIZATION_PREFERS_STRING_CATALOGS = YES;
				MTL_ENABLE_DEBUG_INFO = NO;
				MTL_FAST_MATH = YES;
				SDKROOT = iphoneos;
				SWIFT_COMPILATION_MODE = wholemodule;
				VALIDATE_PRODUCT = YES;
			};
			name = Release;
		};
		2CE623FA2AE65E7E007CCB76 /* Debug */ = {
			isa = XCBuildConfiguration;
			buildSettings = {
				ASSETCATALOG_COMPILER_APPICON_NAME = AppIcon;
				ASSETCATALOG_COMPILER_GLOBAL_ACCENT_COLOR_NAME = AccentColor;
				CODE_SIGN_STYLE = Automatic;
				CURRENT_PROJECT_VERSION = 1;
				DEVELOPMENT_ASSET_PATHS = "\"Crypto/Preview Content\"";
				DEVELOPMENT_TEAM = 5ZWDAPA7US;
				ENABLE_PREVIEWS = YES;
				GENERATE_INFOPLIST_FILE = YES;
				INFOPLIST_KEY_UIApplicationSceneManifest_Generation = YES;
				INFOPLIST_KEY_UIApplicationSupportsIndirectInputEvents = YES;
				INFOPLIST_KEY_UILaunchScreen_Generation = YES;
				INFOPLIST_KEY_UILaunchStoryboardName = "";
				INFOPLIST_KEY_UISupportedInterfaceOrientations = UIInterfaceOrientationPortrait;
				INFOPLIST_KEY_UISupportedInterfaceOrientations_iPad = "UIInterfaceOrientationLandscapeLeft UIInterfaceOrientationLandscapeRight UIInterfaceOrientationPortrait UIInterfaceOrientationPortraitUpsideDown";
				LD_RUNPATH_SEARCH_PATHS = (
					"$(inherited)",
					"@executable_path/Frameworks",
				);
				MARKETING_VERSION = 1.0;
				PRODUCT_BUNDLE_IDENTIFIER = com.northernsquare.Crypto;
				PRODUCT_NAME = "$(TARGET_NAME)";
				SWIFT_EMIT_LOC_STRINGS = YES;
				SWIFT_VERSION = 5.0;
				TARGETED_DEVICE_FAMILY = "1,2";
			};
			name = Debug;
		};
		2CE623FB2AE65E7E007CCB76 /* Release */ = {
			isa = XCBuildConfiguration;
			buildSettings = {
				ASSETCATALOG_COMPILER_APPICON_NAME = AppIcon;
				ASSETCATALOG_COMPILER_GLOBAL_ACCENT_COLOR_NAME = AccentColor;
				CODE_SIGN_STYLE = Automatic;
				CURRENT_PROJECT_VERSION = 1;
				DEVELOPMENT_ASSET_PATHS = "\"Crypto/Preview Content\"";
				DEVELOPMENT_TEAM = 5ZWDAPA7US;
				ENABLE_PREVIEWS = YES;
				GENERATE_INFOPLIST_FILE = YES;
				INFOPLIST_KEY_UIApplicationSceneManifest_Generation = YES;
				INFOPLIST_KEY_UIApplicationSupportsIndirectInputEvents = YES;
				INFOPLIST_KEY_UILaunchScreen_Generation = YES;
				INFOPLIST_KEY_UILaunchStoryboardName = "";
				INFOPLIST_KEY_UISupportedInterfaceOrientations = UIInterfaceOrientationPortrait;
				INFOPLIST_KEY_UISupportedInterfaceOrientations_iPad = "UIInterfaceOrientationLandscapeLeft UIInterfaceOrientationLandscapeRight UIInterfaceOrientationPortrait UIInterfaceOrientationPortraitUpsideDown";
				LD_RUNPATH_SEARCH_PATHS = (
					"$(inherited)",
					"@executable_path/Frameworks",
				);
				MARKETING_VERSION = 1.0;
				PRODUCT_BUNDLE_IDENTIFIER = com.northernsquare.Crypto;
				PRODUCT_NAME = "$(TARGET_NAME)";
				SWIFT_EMIT_LOC_STRINGS = YES;
				SWIFT_VERSION = 5.0;
				TARGETED_DEVICE_FAMILY = "1,2";
			};
			name = Release;
		};
		2CE624262AE6B9D1007CCB76 /* Debug */ = {
			isa = XCBuildConfiguration;
			buildSettings = {
				CODE_SIGN_STYLE = Automatic;
				CURRENT_PROJECT_VERSION = 1;
				DEVELOPMENT_TEAM = 5ZWDAPA7US;
				GENERATE_INFOPLIST_FILE = YES;
				MARKETING_VERSION = 1.0;
				PRODUCT_BUNDLE_IDENTIFIER = com.northernsquare.CryptoTests;
				PRODUCT_NAME = "$(TARGET_NAME)";
				SWIFT_EMIT_LOC_STRINGS = NO;
				SWIFT_VERSION = 5.0;
				TARGETED_DEVICE_FAMILY = "1,2";
			};
			name = Debug;
		};
		2CE624272AE6B9D1007CCB76 /* Release */ = {
			isa = XCBuildConfiguration;
			buildSettings = {
				CODE_SIGN_STYLE = Automatic;
				CURRENT_PROJECT_VERSION = 1;
				DEVELOPMENT_TEAM = 5ZWDAPA7US;
				GENERATE_INFOPLIST_FILE = YES;
				MARKETING_VERSION = 1.0;
				PRODUCT_BUNDLE_IDENTIFIER = com.northernsquare.CryptoTests;
				PRODUCT_NAME = "$(TARGET_NAME)";
				SWIFT_EMIT_LOC_STRINGS = NO;
				SWIFT_VERSION = 5.0;
				TARGETED_DEVICE_FAMILY = "1,2";
			};
			name = Release;
		};
/* End XCBuildConfiguration section */

/* Begin XCConfigurationList section */
		2CE623D02AE65E7B007CCB76 /* Build configuration list for PBXProject "Crypto" */ = {
			isa = XCConfigurationList;
			buildConfigurations = (
				2CE623F72AE65E7E007CCB76 /* Debug */,
				2CE623F82AE65E7E007CCB76 /* Release */,
			);
			defaultConfigurationIsVisible = 0;
			defaultConfigurationName = Release;
		};
		2CE623F92AE65E7E007CCB76 /* Build configuration list for PBXNativeTarget "Crypto" */ = {
			isa = XCConfigurationList;
			buildConfigurations = (
				2CE623FA2AE65E7E007CCB76 /* Debug */,
				2CE623FB2AE65E7E007CCB76 /* Release */,
			);
			defaultConfigurationIsVisible = 0;
			defaultConfigurationName = Release;
		};
		2CE624252AE6B9D1007CCB76 /* Build configuration list for PBXNativeTarget "CryptoTests" */ = {
			isa = XCConfigurationList;
			buildConfigurations = (
				2CE624262AE6B9D1007CCB76 /* Debug */,
				2CE624272AE6B9D1007CCB76 /* Release */,
			);
			defaultConfigurationIsVisible = 0;
			defaultConfigurationName = Release;
		};
/* End XCConfigurationList section */
	};
	rootObject = 2CE623CD2AE65E7B007CCB76 /* Project object */;
}
